
Microsoft Visual Studio Solution File, Format Version 12.00
# Visual Studio Version 17
VisualStudioVersion = 17.14.36408.4 d17.14
MinimumVisualStudioVersion = 10.0.40219.1
Project("{FAE04EC0-301F-11D3-BF4B-00C04F79EFBC}") = "00_Proyecto2", "00_Proyecto2\00_Proyecto2.csproj", "{AA2F5606-8274-4AA3-9D7B-045718216882}"
EndProject
Global
	GlobalSection(SolutionConfigurationPlatforms) = preSolution
		Debug|Any CPU = Debug|Any CPU
		Release|Any CPU = Release|Any CPU
	EndGlobalSection
	GlobalSection(ProjectConfigurationPlatforms) = postSolution
		{AA2F5606-8274-4AA3-9D7B-045718216882}.Debug|Any CPU.ActiveCfg = Debug|Any CPU
		{AA2F5606-8274-4AA3-9D7B-045718216882}.Debug|Any CPU.Build.0 = Debug|Any CPU
		{AA2F5606-8274-4AA3-9D7B-045718216882}.Release|Any CPU.ActiveCfg = Release|Any CPU
		{AA2F5606-8274-4AA3-9D7B-045718216882}.Release|Any CPU.Build.0 = Release|Any CPU
	EndGlobalSection
	GlobalSection(SolutionProperties) = preSolution
		HideSolutionNode = FALSE
	EndGlobalSection
	GlobalSection(ExtensibilityGlobals) = postSolution
		SolutionGuid = {7DFF2DA3-C933-456A-AB6A-EA7D6259CAF4}
	EndGlobalSection
EndGlobal
