
Microsoft Visual Studio Solution File, Format Version 12.00
# Visual Studio Version 17
VisualStudioVersion = 17.14.36408.4 d17.14
MinimumVisualStudioVersion = 10.0.40219.1
Project("{FAE04EC0-301F-11D3-BF4B-00C04F79EFBC}") = "04_AsociacionClases", "04_AsociacionClases\04_AsociacionClases.csproj", "{1C2B707F-6991-4788-8004-32ABB2661E43}"
EndProject
Global
	GlobalSection(SolutionConfigurationPlatforms) = preSolution
		Debug|Any CPU = Debug|Any CPU
		Release|Any CPU = Release|Any CPU
	EndGlobalSection
	GlobalSection(ProjectConfigurationPlatforms) = postSolution
		{1C2B707F-6991-4788-8004-32ABB2661E43}.Debug|Any CPU.ActiveCfg = Debug|Any CPU
		{1C2B707F-6991-4788-8004-32ABB2661E43}.Debug|Any CPU.Build.0 = Debug|Any CPU
		{1C2B707F-6991-4788-8004-32ABB2661E43}.Release|Any CPU.ActiveCfg = Release|Any CPU
		{1C2B707F-6991-4788-8004-32ABB2661E43}.Release|Any CPU.Build.0 = Release|Any CPU
	EndGlobalSection
	GlobalSection(SolutionProperties) = preSolution
		HideSolutionNode = FALSE
	EndGlobalSection
	GlobalSection(ExtensibilityGlobals) = postSolution
		SolutionGuid = {53B5C380-DA0E-494B-A36B-C34784BB2DC0}
	EndGlobalSection
EndGlobal
