
Microsoft Visual Studio Solution File, Format Version 12.00
# Visual Studio Version 17
VisualStudioVersion = 17.14.36616.10 d17.14
MinimumVisualStudioVersion = 10.0.40219.1
Project("{FAE04EC0-301F-11D3-BF4B-00C04F79EFBC}") = "10_Herencia1", "10_Herencia1\10_Herencia1.csproj", "{9334A7C0-A3A1-44C6-AEAA-74E44F00EC7E}"
EndProject
Global
	GlobalSection(SolutionConfigurationPlatforms) = preSolution
		Debug|Any CPU = Debug|Any CPU
		Release|Any CPU = Release|Any CPU
	EndGlobalSection
	GlobalSection(ProjectConfigurationPlatforms) = postSolution
		{9334A7C0-A3A1-44C6-AEAA-74E44F00EC7E}.Debug|Any CPU.ActiveCfg = Debug|Any CPU
		{9334A7C0-A3A1-44C6-AEAA-74E44F00EC7E}.Debug|Any CPU.Build.0 = Debug|Any CPU
		{9334A7C0-A3A1-44C6-AEAA-74E44F00EC7E}.Release|Any CPU.ActiveCfg = Release|Any CPU
		{9334A7C0-A3A1-44C6-AEAA-74E44F00EC7E}.Release|Any CPU.Build.0 = Release|Any CPU
	EndGlobalSection
	GlobalSection(SolutionProperties) = preSolution
		HideSolutionNode = FALSE
	EndGlobalSection
	GlobalSection(ExtensibilityGlobals) = postSolution
		SolutionGuid = {22F711E3-27FB-4D3E-88BF-B4B195CC5D61}
	EndGlobalSection
EndGlobal
